
Microsoft Visual Studio Solution File, Format Version 12.00
# Visual Studio Version 17
VisualStudioVersion = 17.12.35707.178 d17.12
MinimumVisualStudioVersion = 10.0.40219.1
Project("{FAE04EC0-301F-11D3-BF4B-00C04F79EFBC}") = "CoddyTech_valami", "CoddyTech_valami\CoddyTech_valami.csproj", "{BBC8A2B9-3EA1-412B-8232-83B7A1B40713}"
EndProject
Global
	GlobalSection(SolutionConfigurationPlatforms) = preSolution
		Debug|Any CPU = Debug|Any CPU
		Release|Any CPU = Release|Any CPU
	EndGlobalSection
	GlobalSection(ProjectConfigurationPlatforms) = postSolution
		{BBC8A2B9-3EA1-412B-8232-83B7A1B40713}.Debug|Any CPU.ActiveCfg = Debug|Any CPU
		{BBC8A2B9-3EA1-412B-8232-83B7A1B40713}.Debug|Any CPU.Build.0 = Debug|Any CPU
		{BBC8A2B9-3EA1-412B-8232-83B7A1B40713}.Release|Any CPU.ActiveCfg = Release|Any CPU
		{BBC8A2B9-3EA1-412B-8232-83B7A1B40713}.Release|Any CPU.Build.0 = Release|Any CPU
	EndGlobalSection
	GlobalSection(SolutionProperties) = preSolution
		HideSolutionNode = FALSE
	EndGlobalSection
EndGlobal
